
Microsoft Visual Studio Solution File, Format Version 12.00
# Visual Studio Version 17
VisualStudioVersion = 17.3.32825.248
MinimumVisualStudioVersion = 10.0.40219.1
Project("{FAE04EC0-301F-11D3-BF4B-00C04F79EFBC}") = "Labb2", "Labb2\Labb2.csproj", "{097E88BE-CB82-4D8F-8D33-929F237A6427}"
EndProject
Project("{FAE04EC0-301F-11D3-BF4B-00C04F79EFBC}") = "Geometry", "Geometry\Geometry.csproj", "{A07A9360-6095-4A45-8342-0FF23CE390E8}"
EndProject
Global
	GlobalSection(SolutionConfigurationPlatforms) = preSolution
		Debug|Any CPU = Debug|Any CPU
		Release|Any CPU = Release|Any CPU
	EndGlobalSection
	GlobalSection(ProjectConfigurationPlatforms) = postSolution
		{097E88BE-CB82-4D8F-8D33-929F237A6427}.Debug|Any CPU.ActiveCfg = Debug|Any CPU
		{097E88BE-CB82-4D8F-8D33-929F237A6427}.Debug|Any CPU.Build.0 = Debug|Any CPU
		{097E88BE-CB82-4D8F-8D33-929F237A6427}.Release|Any CPU.ActiveCfg = Release|Any CPU
		{097E88BE-CB82-4D8F-8D33-929F237A6427}.Release|Any CPU.Build.0 = Release|Any CPU
		{A07A9360-6095-4A45-8342-0FF23CE390E8}.Debug|Any CPU.ActiveCfg = Debug|Any CPU
		{A07A9360-6095-4A45-8342-0FF23CE390E8}.Debug|Any CPU.Build.0 = Debug|Any CPU
		{A07A9360-6095-4A45-8342-0FF23CE390E8}.Release|Any CPU.ActiveCfg = Release|Any CPU
		{A07A9360-6095-4A45-8342-0FF23CE390E8}.Release|Any CPU.Build.0 = Release|Any CPU
	EndGlobalSection
	GlobalSection(SolutionProperties) = preSolution
		HideSolutionNode = FALSE
	EndGlobalSection
	GlobalSection(ExtensibilityGlobals) = postSolution
		SolutionGuid = {68E0E593-743C-4EDC-9252-454BF250168A}
	EndGlobalSection
EndGlobal
